// !$*UTF8*$!
{
	archiveVersion = 1;
	classes = {
	};
	objectVersion = 56;
	objects = {

/* Begin PBXBuildFile section */
		12F9C32D28DFE4DA0019909B /* MovieApplicationApp.swift in Sources */ = {isa = PBXBuildFile; fileRef = 12F9C32C28DFE4DA0019909B /* MovieApplicationApp.swift */; };
		12F9C32F28DFE4DA0019909B /* ContentView.swift in Sources */ = {isa = PBXBuildFile; fileRef = 12F9C32E28DFE4DA0019909B /* ContentView.swift */; };
		12F9C33128DFE4DB0019909B /* Assets.xcassets in Resources */ = {isa = PBXBuildFile; fileRef = 12F9C33028DFE4DB0019909B /* Assets.xcassets */; };
		12F9C33528DFE4DB0019909B /* Preview Assets.xcassets in Resources */ = {isa = PBXBuildFile; fileRef = 12F9C33428DFE4DB0019909B /* Preview Assets.xcassets */; };
		12F9C33F28DFE4DB0019909B /* MovieApplicationTests.swift in Sources */ = {isa = PBXBuildFile; fileRef = 12F9C33E28DFE4DB0019909B /* MovieApplicationTests.swift */; };
		12F9C34928DFE4DB0019909B /* MovieApplicationUITests.swift in Sources */ = {isa = PBXBuildFile; fileRef = 12F9C34828DFE4DB0019909B /* MovieApplicationUITests.swift */; };
		12F9C34B28DFE4DB0019909B /* MovieApplicationUITestsLaunchTests.swift in Sources */ = {isa = PBXBuildFile; fileRef = 12F9C34A28DFE4DB0019909B /* MovieApplicationUITestsLaunchTests.swift */; };
		12F9C35828DFE6030019909B /* Models.swift in Sources */ = {isa = PBXBuildFile; fileRef = 12F9C35728DFE6030019909B /* Models.swift */; };
		12F9C35B28DFE8460019909B /* Database.swift in Sources */ = {isa = PBXBuildFile; fileRef = 12F9C35A28DFE8460019909B /* Database.swift */; };
		12F9C35F28DFEB960019909B /* MoviesList.swift in Sources */ = {isa = PBXBuildFile; fileRef = 12F9C35E28DFEB960019909B /* MoviesList.swift */; };
		12F9C36228DFEC9C0019909B /* MovieDetail.swift in Sources */ = {isa = PBXBuildFile; fileRef = 12F9C36128DFEC9C0019909B /* MovieDetail.swift */; };
		12F9C36428DFFCE00019909B /* AddMovie.swift in Sources */ = {isa = PBXBuildFile; fileRef = 12F9C36328DFFCE00019909B /* AddMovie.swift */; };
		12F9C36628DFFED70019909B /* Profil.swift in Sources */ = {isa = PBXBuildFile; fileRef = 12F9C36528DFFED70019909B /* Profil.swift */; };
/* End PBXBuildFile section */

/* Begin PBXContainerItemProxy section */
		12F9C33B28DFE4DB0019909B /* PBXContainerItemProxy */ = {
			isa = PBXContainerItemProxy;
			containerPortal = 12F9C32128DFE4DA0019909B /* Project object */;
			proxyType = 1;
			remoteGlobalIDString = 12F9C32828DFE4DA0019909B;
			remoteInfo = MovieApplication;
		};
		12F9C34528DFE4DB0019909B /* PBXContainerItemProxy */ = {
			isa = PBXContainerItemProxy;
			containerPortal = 12F9C32128DFE4DA0019909B /* Project object */;
			proxyType = 1;
			remoteGlobalIDString = 12F9C32828DFE4DA0019909B;
			remoteInfo = MovieApplication;
		};
/* End PBXContainerItemProxy section */

/* Begin PBXFileReference section */
		12F9C32928DFE4DA0019909B /* MovieApplication.app */ = {isa = PBXFileReference; explicitFileType = wrapper.application; includeInIndex = 0; path = MovieApplication.app; sourceTree = BUILT_PRODUCTS_DIR; };
		12F9C32C28DFE4DA0019909B /* MovieApplicationApp.swift */ = {isa = PBXFileReference; lastKnownFileType = sourcecode.swift; path = MovieApplicationApp.swift; sourceTree = "<group>"; };
		12F9C32E28DFE4DA0019909B /* ContentView.swift */ = {isa = PBXFileReference; lastKnownFileType = sourcecode.swift; path = ContentView.swift; sourceTree = "<group>"; };
		12F9C33028DFE4DB0019909B /* Assets.xcassets */ = {isa = PBXFileReference; lastKnownFileType = folder.assetcatalog; path = Assets.xcassets; sourceTree = "<group>"; };
		12F9C33228DFE4DB0019909B /* MovieApplication.entitlements */ = {isa = PBXFileReference; lastKnownFileType = text.plist.entitlements; path = MovieApplication.entitlements; sourceTree = "<group>"; };
		12F9C33428DFE4DB0019909B /* Preview Assets.xcassets */ = {isa = PBXFileReference; lastKnownFileType = folder.assetcatalog; path = "Preview Assets.xcassets"; sourceTree = "<group>"; };
		12F9C33A28DFE4DB0019909B /* MovieApplicationTests.xctest */ = {isa = PBXFileReference; explicitFileType = wrapper.cfbundle; includeInIndex = 0; path = MovieApplicationTests.xctest; sourceTree = BUILT_PRODUCTS_DIR; };
		12F9C33E28DFE4DB0019909B /* MovieApplicationTests.swift */ = {isa = PBXFileReference; lastKnownFileType = sourcecode.swift; path = MovieApplicationTests.swift; sourceTree = "<group>"; };
		12F9C34428DFE4DB0019909B /* MovieApplicationUITests.xctest */ = {isa = PBXFileReference; explicitFileType = wrapper.cfbundle; includeInIndex = 0; path = MovieApplicationUITests.xctest; sourceTree = BUILT_PRODUCTS_DIR; };
		12F9C34828DFE4DB0019909B /* MovieApplicationUITests.swift */ = {isa = PBXFileReference; lastKnownFileType = sourcecode.swift; path = MovieApplicationUITests.swift; sourceTree = "<group>"; };
		12F9C34A28DFE4DB0019909B /* MovieApplicationUITestsLaunchTests.swift */ = {isa = PBXFileReference; lastKnownFileType = sourcecode.swift; path = MovieApplicationUITestsLaunchTests.swift; sourceTree = "<group>"; };
		12F9C35728DFE6030019909B /* Models.swift */ = {isa = PBXFileReference; lastKnownFileType = sourcecode.swift; path = Models.swift; sourceTree = "<group>"; };
		12F9C35A28DFE8460019909B /* Database.swift */ = {isa = PBXFileReference; lastKnownFileType = sourcecode.swift; path = Database.swift; sourceTree = "<group>"; };
		12F9C35E28DFEB960019909B /* MoviesList.swift */ = {isa = PBXFileReference; lastKnownFileType = sourcecode.swift; path = MoviesList.swift; sourceTree = "<group>"; };
		12F9C36128DFEC9C0019909B /* MovieDetail.swift */ = {isa = PBXFileReference; lastKnownFileType = sourcecode.swift; path = MovieDetail.swift; sourceTree = "<group>"; };
		12F9C36328DFFCE00019909B /* AddMovie.swift */ = {isa = PBXFileReference; lastKnownFileType = sourcecode.swift; path = AddMovie.swift; sourceTree = "<group>"; };
		12F9C36528DFFED70019909B /* Profil.swift */ = {isa = PBXFileReference; lastKnownFileType = sourcecode.swift; path = Profil.swift; sourceTree = "<group>"; };
/* End PBXFileReference section */

/* Begin PBXFrameworksBuildPhase section */
		12F9C32628DFE4DA0019909B /* Frameworks */ = {
			isa = PBXFrameworksBuildPhase;
			buildActionMask = 2147483647;
			files = (
			);
			runOnlyForDeploymentPostprocessing = 0;
		};
		12F9C33728DFE4DB0019909B /* Frameworks */ = {
			isa = PBXFrameworksBuildPhase;
			buildActionMask = 2147483647;
			files = (
			);
			runOnlyForDeploymentPostprocessing = 0;
		};
		12F9C34128DFE4DB0019909B /* Frameworks */ = {
			isa = PBXFrameworksBuildPhase;
			buildActionMask = 2147483647;
			files = (
			);
			runOnlyForDeploymentPostprocessing = 0;
		};
/* End PBXFrameworksBuildPhase section */

/* Begin PBXGroup section */
		12F9C32028DFE4DA0019909B = {
			isa = PBXGroup;
			children = (
				12F9C32B28DFE4DA0019909B /* MovieApplication */,
				12F9C33D28DFE4DB0019909B /* MovieApplicationTests */,
				12F9C34728DFE4DB0019909B /* MovieApplicationUITests */,
				12F9C32A28DFE4DA0019909B /* Products */,
			);
			sourceTree = "<group>";
		};
		12F9C32A28DFE4DA0019909B /* Products */ = {
			isa = PBXGroup;
			children = (
				12F9C32928DFE4DA0019909B /* MovieApplication.app */,
				12F9C33A28DFE4DB0019909B /* MovieApplicationTests.xctest */,
				12F9C34428DFE4DB0019909B /* MovieApplicationUITests.xctest */,
			);
			name = Products;
			sourceTree = "<group>";
		};
		12F9C32B28DFE4DA0019909B /* MovieApplication */ = {
			isa = PBXGroup;
			children = (
				12F9C32C28DFE4DA0019909B /* MovieApplicationApp.swift */,
				12F9C32E28DFE4DA0019909B /* ContentView.swift */,
				12F9C36028DFEBA10019909B /* Screens */,
				12F9C33028DFE4DB0019909B /* Assets.xcassets */,
				12F9C33228DFE4DB0019909B /* MovieApplication.entitlements */,
				12F9C33328DFE4DB0019909B /* Preview Content */,
			);
			path = MovieApplication;
			sourceTree = "<group>";
		};
		12F9C33328DFE4DB0019909B /* Preview Content */ = {
			isa = PBXGroup;
			children = (
				12F9C33428DFE4DB0019909B /* Preview Assets.xcassets */,
			);
			path = "Preview Content";
			sourceTree = "<group>";
		};
		12F9C33D28DFE4DB0019909B /* MovieApplicationTests */ = {
			isa = PBXGroup;
			children = (
				12F9C33E28DFE4DB0019909B /* MovieApplicationTests.swift */,
			);
			path = MovieApplicationTests;
			sourceTree = "<group>";
		};
		12F9C34728DFE4DB0019909B /* MovieApplicationUITests */ = {
			isa = PBXGroup;
			children = (
				12F9C34828DFE4DB0019909B /* MovieApplicationUITests.swift */,
				12F9C34A28DFE4DB0019909B /* MovieApplicationUITestsLaunchTests.swift */,
			);
			path = MovieApplicationUITests;
			sourceTree = "<group>";
		};
		12F9C35928DFE60C0019909B /* Models */ = {
			isa = PBXGroup;
			children = (
				12F9C35728DFE6030019909B /* Models.swift */,
			);
			path = Models;
			sourceTree = "<group>";
		};
		12F9C35C28DFE86C0019909B /* Data */ = {
			isa = PBXGroup;
			children = (
				12F9C35A28DFE8460019909B /* Database.swift */,
			);
			path = Data;
			sourceTree = "<group>";
		};
		12F9C36028DFEBA10019909B /* Screens */ = {
			isa = PBXGroup;
			children = (
				12F9C35E28DFEB960019909B /* MoviesList.swift */,
				12F9C36128DFEC9C0019909B /* MovieDetail.swift */,
				12F9C36328DFFCE00019909B /* AddMovie.swift */,
				12F9C36528DFFED70019909B /* Profil.swift */,
				12F9C35928DFE60C0019909B /* Models */,
				12F9C35C28DFE86C0019909B /* Data */,
			);
			path = Screens;
			sourceTree = "<group>";
		};
/* End PBXGroup section */

/* Begin PBXNativeTarget section */
		12F9C32828DFE4DA0019909B /* MovieApplication */ = {
			isa = PBXNativeTarget;
			buildConfigurationList = 12F9C34E28DFE4DB0019909B /* Build configuration list for PBXNativeTarget "MovieApplication" */;
			buildPhases = (
				12F9C32528DFE4DA0019909B /* Sources */,
				12F9C32628DFE4DA0019909B /* Frameworks */,
				12F9C32728DFE4DA0019909B /* Resources */,
			);
			buildRules = (
			);
			dependencies = (
			);
			name = MovieApplication;
			productName = MovieApplication;
			productReference = 12F9C32928DFE4DA0019909B /* MovieApplication.app */;
			productType = "com.apple.product-type.application";
		};
		12F9C33928DFE4DB0019909B /* MovieApplicationTests */ = {
			isa = PBXNativeTarget;
			buildConfigurationList = 12F9C35128DFE4DB0019909B /* Build configuration list for PBXNativeTarget "MovieApplicationTests" */;
			buildPhases = (
				12F9C33628DFE4DB0019909B /* Sources */,
				12F9C33728DFE4DB0019909B /* Frameworks */,
				12F9C33828DFE4DB0019909B /* Resources */,
			);
			buildRules = (
			);
			dependencies = (
				12F9C33C28DFE4DB0019909B /* PBXTargetDependency */,
			);
			name = MovieApplicationTests;
			productName = MovieApplicationTests;
			productReference = 12F9C33A28DFE4DB0019909B /* MovieApplicationTests.xctest */;
			productType = "com.apple.product-type.bundle.unit-test";
		};
		12F9C34328DFE4DB0019909B /* MovieApplicationUITests */ = {
			isa = PBXNativeTarget;
			buildConfigurationList = 12F9C35428DFE4DB0019909B /* Build configuration list for PBXNativeTarget "MovieApplicationUITests" */;
			buildPhases = (
				12F9C34028DFE4DB0019909B /* Sources */,
				12F9C34128DFE4DB0019909B /* Frameworks */,
				12F9C34228DFE4DB0019909B /* Resources */,
			);
			buildRules = (
			);
			dependencies = (
				12F9C34628DFE4DB0019909B /* PBXTargetDependency */,
			);
			name = MovieApplicationUITests;
			productName = MovieApplicationUITests;
			productReference = 12F9C34428DFE4DB0019909B /* MovieApplicationUITests.xctest */;
			productType = "com.apple.product-type.bundle.ui-testing";
		};
/* End PBXNativeTarget section */

/* Begin PBXProject section */
		12F9C32128DFE4DA0019909B /* Project object */ = {
			isa = PBXProject;
			attributes = {
				BuildIndependentTargetsInParallel = 1;
				LastSwiftUpdateCheck = 1400;
				LastUpgradeCheck = 1400;
				TargetAttributes = {
					12F9C32828DFE4DA0019909B = {
						CreatedOnToolsVersion = 14.0;
					};
					12F9C33928DFE4DB0019909B = {
						CreatedOnToolsVersion = 14.0;
						TestTargetID = 12F9C32828DFE4DA0019909B;
					};
					12F9C34328DFE4DB0019909B = {
						CreatedOnToolsVersion = 14.0;
						TestTargetID = 12F9C32828DFE4DA0019909B;
					};
				};
			};
			buildConfigurationList = 12F9C32428DFE4DA0019909B /* Build configuration list for PBXProject "MovieApplication" */;
			compatibilityVersion = "Xcode 14.0";
			developmentRegion = en;
			hasScannedForEncodings = 0;
			knownRegions = (
				en,
				Base,
			);
			mainGroup = 12F9C32028DFE4DA0019909B;
			productRefGroup = 12F9C32A28DFE4DA0019909B /* Products */;
			projectDirPath = "";
			projectRoot = "";
			targets = (
				12F9C32828DFE4DA0019909B /* MovieApplication */,
				12F9C33928DFE4DB0019909B /* MovieApplicationTests */,
				12F9C34328DFE4DB0019909B /* MovieApplicationUITests */,
			);
		};
/* End PBXProject section */

/* Begin PBXResourcesBuildPhase section */
		12F9C32728DFE4DA0019909B /* Resources */ = {
			isa = PBXResourcesBuildPhase;
			buildActionMask = 2147483647;
			files = (
				12F9C33528DFE4DB0019909B /* Preview Assets.xcassets in Resources */,
				12F9C33128DFE4DB0019909B /* Assets.xcassets in Resources */,
			);
			runOnlyForDeploymentPostprocessing = 0;
		};
		12F9C33828DFE4DB0019909B /* Resources */ = {
			isa = PBXResourcesBuildPhase;
			buildActionMask = 2147483647;
			files = (
			);
			runOnlyForDeploymentPostprocessing = 0;
		};
		12F9C34228DFE4DB0019909B /* Resources */ = {
			isa = PBXResourcesBuildPhase;
			buildActionMask = 2147483647;
			files = (
			);
			runOnlyForDeploymentPostprocessing = 0;
		};
/* End PBXResourcesBuildPhase section */

/* Begin PBXSourcesBuildPhase section */
		12F9C32528DFE4DA0019909B /* Sources */ = {
			isa = PBXSourcesBuildPhase;
			buildActionMask = 2147483647;
			files = (
				12F9C35828DFE6030019909B /* Models.swift in Sources */,
				12F9C32F28DFE4DA0019909B /* ContentView.swift in Sources */,
				12F9C35B28DFE8460019909B /* Database.swift in Sources */,
				12F9C36628DFFED70019909B /* Profil.swift in Sources */,
				12F9C36228DFEC9C0019909B /* MovieDetail.swift in Sources */,
				12F9C35F28DFEB960019909B /* MoviesList.swift in Sources */,
				12F9C36428DFFCE00019909B /* AddMovie.swift in Sources */,
				12F9C32D28DFE4DA0019909B /* MovieApplicationApp.swift in Sources */,
			);
			runOnlyForDeploymentPostprocessing = 0;
		};
		12F9C33628DFE4DB0019909B /* Sources */ = {
			isa = PBXSourcesBuildPhase;
			buildActionMask = 2147483647;
			files = (
				12F9C33F28DFE4DB0019909B /* MovieApplicationTests.swift in Sources */,
			);
			runOnlyForDeploymentPostprocessing = 0;
		};
		12F9C34028DFE4DB0019909B /* Sources */ = {
			isa = PBXSourcesBuildPhase;
			buildActionMask = 2147483647;
			files = (
				12F9C34B28DFE4DB0019909B /* MovieApplicationUITestsLaunchTests.swift in Sources */,
				12F9C34928DFE4DB0019909B /* MovieApplicationUITests.swift in Sources */,
			);
			runOnlyForDeploymentPostprocessing = 0;
		};
/* End PBXSourcesBuildPhase section */

/* Begin PBXTargetDependency section */
		12F9C33C28DFE4DB0019909B /* PBXTargetDependency */ = {
			isa = PBXTargetDependency;
			target = 12F9C32828DFE4DA0019909B /* MovieApplication */;
			targetProxy = 12F9C33B28DFE4DB0019909B /* PBXContainerItemProxy */;
		};
		12F9C34628DFE4DB0019909B /* PBXTargetDependency */ = {
			isa = PBXTargetDependency;
			target = 12F9C32828DFE4DA0019909B /* MovieApplication */;
			targetProxy = 12F9C34528DFE4DB0019909B /* PBXContainerItemProxy */;
		};
/* End PBXTargetDependency section */

/* Begin XCBuildConfiguration section */
		12F9C34C28DFE4DB0019909B /* Debug */ = {
			isa = XCBuildConfiguration;
			buildSettings = {
				ALWAYS_SEARCH_USER_PATHS = NO;
				CLANG_ANALYZER_NONNULL = YES;
				CLANG_ANALYZER_NUMBER_OBJECT_CONVERSION = YES_AGGRESSIVE;
				CLANG_CXX_LANGUAGE_STANDARD = "gnu++20";
				CLANG_ENABLE_MODULES = YES;
				CLANG_ENABLE_OBJC_ARC = YES;
				CLANG_ENABLE_OBJC_WEAK = YES;
				CLANG_WARN_BLOCK_CAPTURE_AUTORELEASING = YES;
				CLANG_WARN_BOOL_CONVERSION = YES;
				CLANG_WARN_COMMA = YES;
				CLANG_WARN_CONSTANT_CONVERSION = YES;
				CLANG_WARN_DEPRECATED_OBJC_IMPLEMENTATIONS = YES;
				CLANG_WARN_DIRECT_OBJC_ISA_USAGE = YES_ERROR;
				CLANG_WARN_DOCUMENTATION_COMMENTS = YES;
				CLANG_WARN_EMPTY_BODY = YES;
				CLANG_WARN_ENUM_CONVERSION = YES;
				CLANG_WARN_INFINITE_RECURSION = YES;
				CLANG_WARN_INT_CONVERSION = YES;
				CLANG_WARN_NON_LITERAL_NULL_CONVERSION = YES;
				CLANG_WARN_OBJC_IMPLICIT_RETAIN_SELF = YES;
				CLANG_WARN_OBJC_LITERAL_CONVERSION = YES;
				CLANG_WARN_OBJC_ROOT_CLASS = YES_ERROR;
				CLANG_WARN_QUOTED_INCLUDE_IN_FRAMEWORK_HEADER = YES;
				CLANG_WARN_RANGE_LOOP_ANALYSIS = YES;
				CLANG_WARN_STRICT_PROTOTYPES = YES;
				CLANG_WARN_SUSPICIOUS_MOVE = YES;
				CLANG_WARN_UNGUARDED_AVAILABILITY = YES_AGGRESSIVE;
				CLANG_WARN_UNREACHABLE_CODE = YES;
				CLANG_WARN__DUPLICATE_METHOD_MATCH = YES;
				COPY_PHASE_STRIP = NO;
				DEBUG_INFORMATION_FORMAT = dwarf;
				ENABLE_STRICT_OBJC_MSGSEND = YES;
				ENABLE_TESTABILITY = YES;
				GCC_C_LANGUAGE_STANDARD = gnu11;
				GCC_DYNAMIC_NO_PIC = NO;
				GCC_NO_COMMON_BLOCKS = YES;
				GCC_OPTIMIZATION_LEVEL = 0;
				GCC_PREPROCESSOR_DEFINITIONS = (
					"DEBUG=1",
					"$(inherited)",
				);
				GCC_WARN_64_TO_32_BIT_CONVERSION = YES;
				GCC_WARN_ABOUT_RETURN_TYPE = YES_ERROR;
				GCC_WARN_UNDECLARED_SELECTOR = YES;
				GCC_WARN_UNINITIALIZED_AUTOS = YES_AGGRESSIVE;
				GCC_WARN_UNUSED_FUNCTION = YES;
				GCC_WARN_UNUSED_VARIABLE = YES;
				MTL_ENABLE_DEBUG_INFO = INCLUDE_SOURCE;
				MTL_FAST_MATH = YES;
				ONLY_ACTIVE_ARCH = YES;
				SWIFT_ACTIVE_COMPILATION_CONDITIONS = DEBUG;
				SWIFT_OPTIMIZATION_LEVEL = "-Onone";
			};
			name = Debug;
		};
		12F9C34D28DFE4DB0019909B /* Release */ = {
			isa = XCBuildConfiguration;
			buildSettings = {
				ALWAYS_SEARCH_USER_PATHS = NO;
				CLANG_ANALYZER_NONNULL = YES;
				CLANG_ANALYZER_NUMBER_OBJECT_CONVERSION = YES_AGGRESSIVE;
				CLANG_CXX_LANGUAGE_STANDARD = "gnu++20";
				CLANG_ENABLE_MODULES = YES;
				CLANG_ENABLE_OBJC_ARC = YES;
				CLANG_ENABLE_OBJC_WEAK = YES;
				CLANG_WARN_BLOCK_CAPTURE_AUTORELEASING = YES;
				CLANG_WARN_BOOL_CONVERSION = YES;
				CLANG_WARN_COMMA = YES;
				CLANG_WARN_CONSTANT_CONVERSION = YES;
				CLANG_WARN_DEPRECATED_OBJC_IMPLEMENTATIONS = YES;
				CLANG_WARN_DIRECT_OBJC_ISA_USAGE = YES_ERROR;
				CLANG_WARN_DOCUMENTATION_COMMENTS = YES;
				CLANG_WARN_EMPTY_BODY = YES;
				CLANG_WARN_ENUM_CONVERSION = YES;
				CLANG_WARN_INFINITE_RECURSION = YES;
				CLANG_WARN_INT_CONVERSION = YES;
				CLANG_WARN_NON_LITERAL_NULL_CONVERSION = YES;
				CLANG_WARN_OBJC_IMPLICIT_RETAIN_SELF = YES;
				CLANG_WARN_OBJC_LITERAL_CONVERSION = YES;
				CLANG_WARN_OBJC_ROOT_CLASS = YES_ERROR;
				CLANG_WARN_QUOTED_INCLUDE_IN_FRAMEWORK_HEADER = YES;
				CLANG_WARN_RANGE_LOOP_ANALYSIS = YES;
				CLANG_WARN_STRICT_PROTOTYPES = YES;
				CLANG_WARN_SUSPICIOUS_MOVE = YES;
				CLANG_WARN_UNGUARDED_AVAILABILITY = YES_AGGRESSIVE;
				CLANG_WARN_UNREACHABLE_CODE = YES;
				CLANG_WARN__DUPLICATE_METHOD_MATCH = YES;
				COPY_PHASE_STRIP = NO;
				DEBUG_INFORMATION_FORMAT = "dwarf-with-dsym";
				ENABLE_NS_ASSERTIONS = NO;
				ENABLE_STRICT_OBJC_MSGSEND = YES;
				GCC_C_LANGUAGE_STANDARD = gnu11;
				GCC_NO_COMMON_BLOCKS = YES;
				GCC_WARN_64_TO_32_BIT_CONVERSION = YES;
				GCC_WARN_ABOUT_RETURN_TYPE = YES_ERROR;
				GCC_WARN_UNDECLARED_SELECTOR = YES;
				GCC_WARN_UNINITIALIZED_AUTOS = YES_AGGRESSIVE;
				GCC_WARN_UNUSED_FUNCTION = YES;
				GCC_WARN_UNUSED_VARIABLE = YES;
				MTL_ENABLE_DEBUG_INFO = NO;
				MTL_FAST_MATH = YES;
				SWIFT_COMPILATION_MODE = wholemodule;
				SWIFT_OPTIMIZATION_LEVEL = "-O";
			};
			name = Release;
		};
		12F9C34F28DFE4DB0019909B /* Debug */ = {
			isa = XCBuildConfiguration;
			buildSettings = {
				ASSETCATALOG_COMPILER_APPICON_NAME = AppIcon;
				ASSETCATALOG_COMPILER_GLOBAL_ACCENT_COLOR_NAME = AccentColor;
				CODE_SIGN_ENTITLEMENTS = MovieApplication/MovieApplication.entitlements;
				CODE_SIGN_STYLE = Automatic;
				CURRENT_PROJECT_VERSION = 1;
				DEVELOPMENT_ASSET_PATHS = "\"MovieApplication/Preview Content\"";
				ENABLE_PREVIEWS = YES;
				GENERATE_INFOPLIST_FILE = YES;
				"INFOPLIST_KEY_UIApplicationSceneManifest_Generation[sdk=iphoneos*]" = YES;
				"INFOPLIST_KEY_UIApplicationSceneManifest_Generation[sdk=iphonesimulator*]" = YES;
				"INFOPLIST_KEY_UIApplicationSupportsIndirectInputEvents[sdk=iphoneos*]" = YES;
				"INFOPLIST_KEY_UIApplicationSupportsIndirectInputEvents[sdk=iphonesimulator*]" = YES;
				"INFOPLIST_KEY_UILaunchScreen_Generation[sdk=iphoneos*]" = YES;
				"INFOPLIST_KEY_UILaunchScreen_Generation[sdk=iphonesimulator*]" = YES;
				"INFOPLIST_KEY_UIStatusBarStyle[sdk=iphoneos*]" = UIStatusBarStyleDefault;
				"INFOPLIST_KEY_UIStatusBarStyle[sdk=iphonesimulator*]" = UIStatusBarStyleDefault;
				INFOPLIST_KEY_UISupportedInterfaceOrientations_iPad = "UIInterfaceOrientationPortrait UIInterfaceOrientationPortraitUpsideDown UIInterfaceOrientationLandscapeLeft UIInterfaceOrientationLandscapeRight";
				INFOPLIST_KEY_UISupportedInterfaceOrientations_iPhone = "UIInterfaceOrientationPortrait UIInterfaceOrientationLandscapeLeft UIInterfaceOrientationLandscapeRight";
				IPHONEOS_DEPLOYMENT_TARGET = 16.0;
				LD_RUNPATH_SEARCH_PATHS = "@executable_path/Frameworks";
				"LD_RUNPATH_SEARCH_PATHS[sdk=macosx*]" = "@executable_path/../Frameworks";
				MACOSX_DEPLOYMENT_TARGET = 12.3;
				MARKETING_VERSION = 1.0;
				PRODUCT_BUNDLE_IDENTIFIER = AFP.MovieApplication;
				PRODUCT_NAME = "$(TARGET_NAME)";
				SDKROOT = auto;
				SUPPORTED_PLATFORMS = "iphoneos iphonesimulator macosx";
				SWIFT_EMIT_LOC_STRINGS = YES;
				SWIFT_VERSION = 5.0;
				TARGETED_DEVICE_FAMILY = "1,2";
			};
			name = Debug;
		};
		12F9C35028DFE4DB0019909B /* Release */ = {
			isa = XCBuildConfiguration;
			buildSettings = {
				ASSETCATALOG_COMPILER_APPICON_NAME = AppIcon;
				ASSETCATALOG_COMPILER_GLOBAL_ACCENT_COLOR_NAME = AccentColor;
				CODE_SIGN_ENTITLEMENTS = MovieApplication/MovieApplication.entitlements;
				CODE_SIGN_STYLE = Automatic;
				CURRENT_PROJECT_VERSION = 1;
				DEVELOPMENT_ASSET_PATHS = "\"MovieApplication/Preview Content\"";
				ENABLE_PREVIEWS = YES;
				GENERATE_INFOPLIST_FILE = YES;
				"INFOPLIST_KEY_UIApplicationSceneManifest_Generation[sdk=iphoneos*]" = YES;
				"INFOPLIST_KEY_UIApplicationSceneManifest_Generation[sdk=iphonesimulator*]" = YES;
				"INFOPLIST_KEY_UIApplicationSupportsIndirectInputEvents[sdk=iphoneos*]" = YES;
				"INFOPLIST_KEY_UIApplicationSupportsIndirectInputEvents[sdk=iphonesimulator*]" = YES;
				"INFOPLIST_KEY_UILaunchScreen_Generation[sdk=iphoneos*]" = YES;
				"INFOPLIST_KEY_UILaunchScreen_Generation[sdk=iphonesimulator*]" = YES;
				"INFOPLIST_KEY_UIStatusBarStyle[sdk=iphoneos*]" = UIStatusBarStyleDefault;
				"INFOPLIST_KEY_UIStatusBarStyle[sdk=iphonesimulator*]" = UIStatusBarStyleDefault;
				INFOPLIST_KEY_UISupportedInterfaceOrientations_iPad = "UIInterfaceOrientationPortrait UIInterfaceOrientationPortraitUpsideDown UIInterfaceOrientationLandscapeLeft UIInterfaceOrientationLandscapeRight";
				INFOPLIST_KEY_UISupportedInterfaceOrientations_iPhone = "UIInterfaceOrientationPortrait UIInterfaceOrientationLandscapeLeft UIInterfaceOrientationLandscapeRight";
				IPHONEOS_DEPLOYMENT_TARGET = 16.0;
				LD_RUNPATH_SEARCH_PATHS = "@executable_path/Frameworks";
				"LD_RUNPATH_SEARCH_PATHS[sdk=macosx*]" = "@executable_path/../Frameworks";
				MACOSX_DEPLOYMENT_TARGET = 12.3;
				MARKETING_VERSION = 1.0;
				PRODUCT_BUNDLE_IDENTIFIER = AFP.MovieApplication;
				PRODUCT_NAME = "$(TARGET_NAME)";
				SDKROOT = auto;
				SUPPORTED_PLATFORMS = "iphoneos iphonesimulator macosx";
				SWIFT_EMIT_LOC_STRINGS = YES;
				SWIFT_VERSION = 5.0;
				TARGETED_DEVICE_FAMILY = "1,2";
			};
			name = Release;
		};
		12F9C35228DFE4DB0019909B /* Debug */ = {
			isa = XCBuildConfiguration;
			buildSettings = {
				ALWAYS_EMBED_SWIFT_STANDARD_LIBRARIES = YES;
				BUNDLE_LOADER = "$(TEST_HOST)";
				CODE_SIGN_STYLE = Automatic;
				CURRENT_PROJECT_VERSION = 1;
				GENERATE_INFOPLIST_FILE = YES;
				IPHONEOS_DEPLOYMENT_TARGET = 16.0;
				MACOSX_DEPLOYMENT_TARGET = 12.3;
				MARKETING_VERSION = 1.0;
				PRODUCT_BUNDLE_IDENTIFIER = AFP.MovieApplicationTests;
				PRODUCT_NAME = "$(TARGET_NAME)";
				SDKROOT = auto;
				SUPPORTED_PLATFORMS = "iphoneos iphonesimulator macosx";
				SWIFT_EMIT_LOC_STRINGS = NO;
				SWIFT_VERSION = 5.0;
				TARGETED_DEVICE_FAMILY = "1,2";
				TEST_HOST = "$(BUILT_PRODUCTS_DIR)/MovieApplication.app/$(BUNDLE_EXECUTABLE_FOLDER_PATH)/MovieApplication";
			};
			name = Debug;
		};
		12F9C35328DFE4DB0019909B /* Release */ = {
			isa = XCBuildConfiguration;
			buildSettings = {
				ALWAYS_EMBED_SWIFT_STANDARD_LIBRARIES = YES;
				BUNDLE_LOADER = "$(TEST_HOST)";
				CODE_SIGN_STYLE = Automatic;
				CURRENT_PROJECT_VERSION = 1;
				GENERATE_INFOPLIST_FILE = YES;
				IPHONEOS_DEPLOYMENT_TARGET = 16.0;
				MACOSX_DEPLOYMENT_TARGET = 12.3;
				MARKETING_VERSION = 1.0;
				PRODUCT_BUNDLE_IDENTIFIER = AFP.MovieApplicationTests;
				PRODUCT_NAME = "$(TARGET_NAME)";
				SDKROOT = auto;
				SUPPORTED_PLATFORMS = "iphoneos iphonesimulator macosx";
				SWIFT_EMIT_LOC_STRINGS = NO;
				SWIFT_VERSION = 5.0;
				TARGETED_DEVICE_FAMILY = "1,2";
				TEST_HOST = "$(BUILT_PRODUCTS_DIR)/MovieApplication.app/$(BUNDLE_EXECUTABLE_FOLDER_PATH)/MovieApplication";
			};
			name = Release;
		};
		12F9C35528DFE4DB0019909B /* Debug */ = {
			isa = XCBuildConfiguration;
			buildSettings = {
				ALWAYS_EMBED_SWIFT_STANDARD_LIBRARIES = YES;
				CODE_SIGN_STYLE = Automatic;
				CURRENT_PROJECT_VERSION = 1;
				GENERATE_INFOPLIST_FILE = YES;
				IPHONEOS_DEPLOYMENT_TARGET = 16.0;
				MACOSX_DEPLOYMENT_TARGET = 12.3;
				MARKETING_VERSION = 1.0;
				PRODUCT_BUNDLE_IDENTIFIER = AFP.MovieApplicationUITests;
				PRODUCT_NAME = "$(TARGET_NAME)";
				SDKROOT = auto;
				SUPPORTED_PLATFORMS = "iphoneos iphonesimulator macosx";
				SWIFT_EMIT_LOC_STRINGS = NO;
				SWIFT_VERSION = 5.0;
				TARGETED_DEVICE_FAMILY = "1,2";
				TEST_TARGET_NAME = MovieApplication;
			};
			name = Debug;
		};
		12F9C35628DFE4DB0019909B /* Release */ = {
			isa = XCBuildConfiguration;
			buildSettings = {
				ALWAYS_EMBED_SWIFT_STANDARD_LIBRARIES = YES;
				CODE_SIGN_STYLE = Automatic;
				CURRENT_PROJECT_VERSION = 1;
				GENERATE_INFOPLIST_FILE = YES;
				IPHONEOS_DEPLOYMENT_TARGET = 16.0;
				MACOSX_DEPLOYMENT_TARGET = 12.3;
				MARKETING_VERSION = 1.0;
				PRODUCT_BUNDLE_IDENTIFIER = AFP.MovieApplicationUITests;
				PRODUCT_NAME = "$(TARGET_NAME)";
				SDKROOT = auto;
				SUPPORTED_PLATFORMS = "iphoneos iphonesimulator macosx";
				SWIFT_EMIT_LOC_STRINGS = NO;
				SWIFT_VERSION = 5.0;
				TARGETED_DEVICE_FAMILY = "1,2";
				TEST_TARGET_NAME = MovieApplication;
			};
			name = Release;
		};
/* End XCBuildConfiguration section */

/* Begin XCConfigurationList section */
		12F9C32428DFE4DA0019909B /* Build configuration list for PBXProject "MovieApplication" */ = {
			isa = XCConfigurationList;
			buildConfigurations = (
				12F9C34C28DFE4DB0019909B /* Debug */,
				12F9C34D28DFE4DB0019909B /* Release */,
			);
			defaultConfigurationIsVisible = 0;
			defaultConfigurationName = Release;
		};
		12F9C34E28DFE4DB0019909B /* Build configuration list for PBXNativeTarget "MovieApplication" */ = {
			isa = XCConfigurationList;
			buildConfigurations = (
				12F9C34F28DFE4DB0019909B /* Debug */,
				12F9C35028DFE4DB0019909B /* Release */,
			);
			defaultConfigurationIsVisible = 0;
			defaultConfigurationName = Release;
		};
		12F9C35128DFE4DB0019909B /* Build configuration list for PBXNativeTarget "MovieApplicationTests" */ = {
			isa = XCConfigurationList;
			buildConfigurations = (
				12F9C35228DFE4DB0019909B /* Debug */,
				12F9C35328DFE4DB0019909B /* Release */,
			);
			defaultConfigurationIsVisible = 0;
			defaultConfigurationName = Release;
		};
		12F9C35428DFE4DB0019909B /* Build configuration list for PBXNativeTarget "MovieApplicationUITests" */ = {
			isa = XCConfigurationList;
			buildConfigurations = (
				12F9C35528DFE4DB0019909B /* Debug */,
				12F9C35628DFE4DB0019909B /* Release */,
			);
			defaultConfigurationIsVisible = 0;
			defaultConfigurationName = Release;
		};
/* End XCConfigurationList section */
	};
	rootObject = 12F9C32128DFE4DA0019909B /* Project object */;
}
